// !$*UTF8*$!
{
	archiveVersion = 1;
	classes = {
	};
	objectVersion = 46;
	objects = {

/* Begin PBXBuildFile section */
		A2AAF4101B9F0D050072C663 /* main.m in Sources */ = {isa = PBXBuildFile; fileRef = A2AAF40F1B9F0D050072C663 /* main.m */; };
		A2AAF4131B9F0D050072C663 /* AppDelegate.m in Sources */ = {isa = PBXBuildFile; fileRef = A2AAF4121B9F0D050072C663 /* AppDelegate.m */; };
		A2AAF4161B9F0D050072C663 /* ViewController.m in Sources */ = {isa = PBXBuildFile; fileRef = A2AAF4151B9F0D050072C663 /* ViewController.m */; };
		A2AAF4191B9F0D050072C663 /* Main.storyboard in Resources */ = {isa = PBXBuildFile; fileRef = A2AAF4171B9F0D050072C663 /* Main.storyboard */; };
		A2AAF41B1B9F0D050072C663 /* Images.xcassets in Resources */ = {isa = PBXBuildFile; fileRef = A2AAF41A1B9F0D050072C663 /* Images.xcassets */; };
		A2AAF41E1B9F0D050072C663 /* LaunchScreen.xib in Resources */ = {isa = PBXBuildFile; fileRef = A2AAF41C1B9F0D050072C663 /* LaunchScreen.xib */; };
		A2AAF42A1B9F0D050072C663 /* JabberClientChatTests.m in Sources */ = {isa = PBXBuildFile; fileRef = A2AAF4291B9F0D050072C663 /* JabberClientChatTests.m */; };
/* End PBXBuildFile section */

/* Begin PBXContainerItemProxy section */
		A2AAF4241B9F0D050072C663 /* PBXContainerItemProxy */ = {
			isa = PBXContainerItemProxy;
			containerPortal = A2AAF4021B9F0D050072C663 /* Project object */;
			proxyType = 1;
			remoteGlobalIDString = A2AAF4091B9F0D050072C663;
			remoteInfo = JabberClientChat;
		};
/* End PBXContainerItemProxy section */

/* Begin PBXFileReference section */
		A2AAF40A1B9F0D050072C663 /* JabberClientChat.app */ = {isa = PBXFileReference; explicitFileType = wrapper.application; includeInIndex = 0; path = JabberClientChat.app; sourceTree = BUILT_PRODUCTS_DIR; };
		A2AAF40E1B9F0D050072C663 /* Info.plist */ = {isa = PBXFileReference; lastKnownFileType = text.plist.xml; path = Info.plist; sourceTree = "<group>"; };
		A2AAF40F1B9F0D050072C663 /* main.m */ = {isa = PBXFileReference; lastKnownFileType = sourcecode.c.objc; path = main.m; sourceTree = "<group>"; };
		A2AAF4111B9F0D050072C663 /* AppDelegate.h */ = {isa = PBXFileReference; lastKnownFileType = sourcecode.c.h; path = AppDelegate.h; sourceTree = "<group>"; };
		A2AAF4121B9F0D050072C663 /* AppDelegate.m */ = {isa = PBXFileReference; lastKnownFileType = sourcecode.c.objc; path = AppDelegate.m; sourceTree = "<group>"; };
		A2AAF4141B9F0D050072C663 /* ViewController.h */ = {isa = PBXFileReference; lastKnownFileType = sourcecode.c.h; path = ViewController.h; sourceTree = "<group>"; };
		A2AAF4151B9F0D050072C663 /* ViewController.m */ = {isa = PBXFileReference; lastKnownFileType = sourcecode.c.objc; path = ViewController.m; sourceTree = "<group>"; };
		A2AAF4181B9F0D050072C663 /* Base */ = {isa = PBXFileReference; lastKnownFileType = file.storyboard; name = Base; path = Base.lproj/Main.storyboard; sourceTree = "<group>"; };
		A2AAF41A1B9F0D050072C663 /* Images.xcassets */ = {isa = PBXFileReference; lastKnownFileType = folder.assetcatalog; path = Images.xcassets; sourceTree = "<group>"; };
		A2AAF41D1B9F0D050072C663 /* Base */ = {isa = PBXFileReference; lastKnownFileType = file.xib; name = Base; path = Base.lproj/LaunchScreen.xib; sourceTree = "<group>"; };
		A2AAF4231B9F0D050072C663 /* JabberClientChatTests.xctest */ = {isa = PBXFileReference; explicitFileType = wrapper.cfbundle; includeInIndex = 0; path = JabberClientChatTests.xctest; sourceTree = BUILT_PRODUCTS_DIR; };
		A2AAF4281B9F0D050072C663 /* Info.plist */ = {isa = PBXFileReference; lastKnownFileType = text.plist.xml; path = Info.plist; sourceTree = "<group>"; };
		A2AAF4291B9F0D050072C663 /* JabberClientChatTests.m */ = {isa = PBXFileReference; lastKnownFileType = sourcecode.c.objc; path = JabberClientChatTests.m; sourceTree = "<group>"; };
/* End PBXFileReference section */

/* Begin PBXFrameworksBuildPhase section */
		A2AAF4071B9F0D050072C663 /* Frameworks */ = {
			isa = PBXFrameworksBuildPhase;
			buildActionMask = 2147483647;
			files = (
			);
			runOnlyForDeploymentPostprocessing = 0;
		};
		A2AAF4201B9F0D050072C663 /* Frameworks */ = {
			isa = PBXFrameworksBuildPhase;
			buildActionMask = 2147483647;
			files = (
			);
			runOnlyForDeploymentPostprocessing = 0;
		};
/* End PBXFrameworksBuildPhase section */

/* Begin PBXGroup section */
		A2AAF4011B9F0D050072C663 = {
			isa = PBXGroup;
			children = (
				A2AAF40C1B9F0D050072C663 /* JabberClientChat */,
				A2AAF4261B9F0D050072C663 /* JabberClientChatTests */,
				A2AAF40B1B9F0D050072C663 /* Products */,
			);
			sourceTree = "<group>";
		};
		A2AAF40B1B9F0D050072C663 /* Products */ = {
			isa = PBXGroup;
			children = (
				A2AAF40A1B9F0D050072C663 /* JabberClientChat.app */,
				A2AAF4231B9F0D050072C663 /* JabberClientChatTests.xctest */,
			);
			name = Products;
			sourceTree = "<group>";
		};
		A2AAF40C1B9F0D050072C663 /* JabberClientChat */ = {
			isa = PBXGroup;
			children = (
				A2AAF4111B9F0D050072C663 /* AppDelegate.h */,
				A2AAF4121B9F0D050072C663 /* AppDelegate.m */,
				A2AAF4141B9F0D050072C663 /* ViewController.h */,
				A2AAF4151B9F0D050072C663 /* ViewController.m */,
				A2AAF4171B9F0D050072C663 /* Main.storyboard */,
				A2AAF41A1B9F0D050072C663 /* Images.xcassets */,
				A2AAF41C1B9F0D050072C663 /* LaunchScreen.xib */,
				A2AAF40D1B9F0D050072C663 /* Supporting Files */,
			);
			path = JabberClientChat;
			sourceTree = "<group>";
		};
		A2AAF40D1B9F0D050072C663 /* Supporting Files */ = {
			isa = PBXGroup;
			children = (
				A2AAF40E1B9F0D050072C663 /* Info.plist */,
				A2AAF40F1B9F0D050072C663 /* main.m */,
			);
			name = "Supporting Files";
			sourceTree = "<group>";
		};
		A2AAF4261B9F0D050072C663 /* JabberClientChatTests */ = {
			isa = PBXGroup;
			children = (
				A2AAF4291B9F0D050072C663 /* JabberClientChatTests.m */,
				A2AAF4271B9F0D050072C663 /* Supporting Files */,
			);
			path = JabberClientChatTests;
			sourceTree = "<group>";
		};
		A2AAF4271B9F0D050072C663 /* Supporting Files */ = {
			isa = PBXGroup;
			children = (
				A2AAF4281B9F0D050072C663 /* Info.plist */,
			);
			name = "Supporting Files";
			sourceTree = "<group>";
		};
/* End PBXGroup section */

/* Begin PBXNativeTarget section */
		A2AAF4091B9F0D050072C663 /* JabberClientChat */ = {
			isa = PBXNativeTarget;
			buildConfigurationList = A2AAF42D1B9F0D050072C663 /* Build configuration list for PBXNativeTarget "JabberClientChat" */;
			buildPhases = (
				A2AAF4061B9F0D050072C663 /* Sources */,
				A2AAF4071B9F0D050072C663 /* Frameworks */,
				A2AAF4081B9F0D050072C663 /* Resources */,
			);
			buildRules = (
			);
			dependencies = (
			);
			name = JabberClientChat;
			productName = JabberClientChat;
			productReference = A2AAF40A1B9F0D050072C663 /* JabberClientChat.app */;
			productType = "com.apple.product-type.application";
		};
		A2AAF4221B9F0D050072C663 /* JabberClientChatTests */ = {
			isa = PBXNativeTarget;
			buildConfigurationList = A2AAF4301B9F0D050072C663 /* Build configuration list for PBXNativeTarget "JabberClientChatTests" */;
			buildPhases = (
				A2AAF41F1B9F0D050072C663 /* Sources */,
				A2AAF4201B9F0D050072C663 /* Frameworks */,
				A2AAF4211B9F0D050072C663 /* Resources */,
			);
			buildRules = (
			);
			dependencies = (
				A2AAF4251B9F0D050072C663 /* PBXTargetDependency */,
			);
			name = JabberClientChatTests;
			productName = JabberClientChatTests;
			productReference = A2AAF4231B9F0D050072C663 /* JabberClientChatTests.xctest */;
			productType = "com.apple.product-type.bundle.unit-test";
		};
/* End PBXNativeTarget section */

/* Begin PBXProject section */
		A2AAF4021B9F0D050072C663 /* Project object */ = {
			isa = PBXProject;
			attributes = {
				LastUpgradeCheck = 0630;
				ORGANIZATIONNAME = Codal;
				TargetAttributes = {
					A2AAF4091B9F0D050072C663 = {
						CreatedOnToolsVersion = 6.3;
					};
					A2AAF4221B9F0D050072C663 = {
						CreatedOnToolsVersion = 6.3;
						TestTargetID = A2AAF4091B9F0D050072C663;
					};
				};
			};
			buildConfigurationList = A2AAF4051B9F0D050072C663 /* Build configuration list for PBXProject "JabberClientChat" */;
			compatibilityVersion = "Xcode 3.2";
			developmentRegion = English;
			hasScannedForEncodings = 0;
			knownRegions = (
				en,
				Base,
			);
			mainGroup = A2AAF4011B9F0D050072C663;
			productRefGroup = A2AAF40B1B9F0D050072C663 /* Products */;
			projectDirPath = "";
			projectRoot = "";
			targets = (
				A2AAF4091B9F0D050072C663 /* JabberClientChat */,
				A2AAF4221B9F0D050072C663 /* JabberClientChatTests */,
			);
		};
/* End PBXProject section */

/* Begin PBXResourcesBuildPhase section */
		A2AAF4081B9F0D050072C663 /* Resources */ = {
			isa = PBXResourcesBuildPhase;
			buildActionMask = 2147483647;
			files = (
				A2AAF4191B9F0D050072C663 /* Main.storyboard in Resources */,
				A2AAF41E1B9F0D050072C663 /* LaunchScreen.xib in Resources */,
				A2AAF41B1B9F0D050072C663 /* Images.xcassets in Resources */,
			);
			runOnlyForDeploymentPostprocessing = 0;
		};
		A2AAF4211B9F0D050072C663 /* Resources */ = {
			isa = PBXResourcesBuildPhase;
			buildActionMask = 2147483647;
			files = (
			);
			runOnlyForDeploymentPostprocessing = 0;
		};
/* End PBXResourcesBuildPhase section */

/* Begin PBXSourcesBuildPhase section */
		A2AAF4061B9F0D050072C663 /* Sources */ = {
			isa = PBXSourcesBuildPhase;
			buildActionMask = 2147483647;
			files = (
				A2AAF4161B9F0D050072C663 /* ViewController.m in Sources */,
				A2AAF4131B9F0D050072C663 /* AppDelegate.m in Sources */,
				A2AAF4101B9F0D050072C663 /* main.m in Sources */,
			);
			runOnlyForDeploymentPostprocessing = 0;
		};
		A2AAF41F1B9F0D050072C663 /* Sources */ = {
			isa = PBXSourcesBuildPhase;
			buildActionMask = 2147483647;
			files = (
				A2AAF42A1B9F0D050072C663 /* JabberClientChatTests.m in Sources */,
			);
			runOnlyForDeploymentPostprocessing = 0;
		};
/* End PBXSourcesBuildPhase section */

/* Begin PBXTargetDependency section */
		A2AAF4251B9F0D050072C663 /* PBXTargetDependency */ = {
			isa = PBXTargetDependency;
			target = A2AAF4091B9F0D050072C663 /* JabberClientChat */;
			targetProxy = A2AAF4241B9F0D050072C663 /* PBXContainerItemProxy */;
		};
/* End PBXTargetDependency section */

/* Begin PBXVariantGroup section */
		A2AAF4171B9F0D050072C663 /* Main.storyboard */ = {
			isa = PBXVariantGroup;
			children = (
				A2AAF4181B9F0D050072C663 /* Base */,
			);
			name = Main.storyboard;
			sourceTree = "<group>";
		};
		A2AAF41C1B9F0D050072C663 /* LaunchScreen.xib */ = {
			isa = PBXVariantGroup;
			children = (
				A2AAF41D1B9F0D050072C663 /* Base */,
			);
			name = LaunchScreen.xib;
			sourceTree = "<group>";
		};
/* End PBXVariantGroup section */

/* Begin XCBuildConfiguration section */
		A2AAF42B1B9F0D050072C663 /* Debug */ = {
			isa = XCBuildConfiguration;
			buildSettings = {
				ALWAYS_SEARCH_USER_PATHS = NO;
				CLANG_CXX_LANGUAGE_STANDARD = "gnu++0x";
				CLANG_CXX_LIBRARY = "libc++";
				CLANG_ENABLE_MODULES = YES;
				CLANG_ENABLE_OBJC_ARC = YES;
				CLANG_WARN_BOOL_CONVERSION = YES;
				CLANG_WARN_CONSTANT_CONVERSION = YES;
				CLANG_WARN_DIRECT_OBJC_ISA_USAGE = YES_ERROR;
				CLANG_WARN_EMPTY_BODY = YES;
				CLANG_WARN_ENUM_CONVERSION = YES;
				CLANG_WARN_INT_CONVERSION = YES;
				CLANG_WARN_OBJC_ROOT_CLASS = YES_ERROR;
				CLANG_WARN_UNREACHABLE_CODE = YES;
				CLANG_WARN__DUPLICATE_METHOD_MATCH = YES;
				"CODE_SIGN_IDENTITY[sdk=iphoneos*]" = "iPhone Developer";
				COPY_PHASE_STRIP = NO;
				DEBUG_INFORMATION_FORMAT = "dwarf-with-dsym";
				ENABLE_STRICT_OBJC_MSGSEND = YES;
				GCC_C_LANGUAGE_STANDARD = gnu99;
				GCC_DYNAMIC_NO_PIC = NO;
				GCC_NO_COMMON_BLOCKS = YES;
				GCC_OPTIMIZATION_LEVEL = 0;
				GCC_PREPROCESSOR_DEFINITIONS = (
					"DEBUG=1",
					"$(inherited)",
				);
				GCC_SYMBOLS_PRIVATE_EXTERN = NO;
				GCC_WARN_64_TO_32_BIT_CONVERSION = YES;
				GCC_WARN_ABOUT_RETURN_TYPE = YES_ERROR;
				GCC_WARN_UNDECLARED_SELECTOR = YES;
				GCC_WARN_UNINITIALIZED_AUTOS = YES_AGGRESSIVE;
				GCC_WARN_UNUSED_FUNCTION = YES;
				GCC_WARN_UNUSED_VARIABLE = YES;
				IPHONEOS_DEPLOYMENT_TARGET = 8.3;
				MTL_ENABLE_DEBUG_INFO = YES;
				ONLY_ACTIVE_ARCH = YES;
				SDKROOT = iphoneos;
			};
			name = Debug;
		};
		A2AAF42C1B9F0D050072C663 /* Release */ = {
			isa = XCBuildConfiguration;
			buildSettings = {
				ALWAYS_SEARCH_USER_PATHS = NO;
				CLANG_CXX_LANGUAGE_STANDARD = "gnu++0x";
				CLANG_CXX_LIBRARY = "libc++";
				CLANG_ENABLE_MODULES = YES;
				CLANG_ENABLE_OBJC_ARC = YES;
				CLANG_WARN_BOOL_CONVERSION = YES;
				CLANG_WARN_CONSTANT_CONVERSION = YES;
				CLANG_WARN_DIRECT_OBJC_ISA_USAGE = YES_ERROR;
				CLANG_WARN_EMPTY_BODY = YES;
				CLANG_WARN_ENUM_CONVERSION = YES;
				CLANG_WARN_INT_CONVERSION = YES;
				CLANG_WARN_OBJC_ROOT_CLASS = YES_ERROR;
				CLANG_WARN_UNREACHABLE_CODE = YES;
				CLANG_WARN__DUPLICATE_METHOD_MATCH = YES;
				"CODE_SIGN_IDENTITY[sdk=iphoneos*]" = "iPhone Developer";
				COPY_PHASE_STRIP = NO;
				DEBUG_INFORMATION_FORMAT = "dwarf-with-dsym";
				ENABLE_NS_ASSERTIONS = NO;
				ENABLE_STRICT_OBJC_MSGSEND = YES;
				GCC_C_LANGUAGE_STANDARD = gnu99;
				GCC_NO_COMMON_BLOCKS = YES;
				GCC_WARN_64_TO_32_BIT_CONVERSION = YES;
				GCC_WARN_ABOUT_RETURN_TYPE = YES_ERROR;
				GCC_WARN_UNDECLARED_SELECTOR = YES;
				GCC_WARN_UNINITIALIZED_AUTOS = YES_AGGRESSIVE;
				GCC_WARN_UNUSED_FUNCTION = YES;
				GCC_WARN_UNUSED_VARIABLE = YES;
				IPHONEOS_DEPLOYMENT_TARGET = 8.3;
				MTL_ENABLE_DEBUG_INFO = NO;
				SDKROOT = iphoneos;
				VALIDATE_PRODUCT = YES;
			};
			name = Release;
		};
		A2AAF42E1B9F0D050072C663 /* Debug */ = {
			isa = XCBuildConfiguration;
			buildSettings = {
				ASSETCATALOG_COMPILER_APPICON_NAME = AppIcon;
				INFOPLIST_FILE = JabberClientChat/Info.plist;
				LD_RUNPATH_SEARCH_PATHS = "$(inherited) @executable_path/Frameworks";
				PRODUCT_NAME = "$(TARGET_NAME)";
			};
			name = Debug;
		};
		A2AAF42F1B9F0D050072C663 /* Release */ = {
			isa = XCBuildConfiguration;
			buildSettings = {
				ASSETCATALOG_COMPILER_APPICON_NAME = AppIcon;
				INFOPLIST_FILE = JabberClientChat/Info.plist;
				LD_RUNPATH_SEARCH_PATHS = "$(inherited) @executable_path/Frameworks";
				PRODUCT_NAME = "$(TARGET_NAME)";
			};
			name = Release;
		};
		A2AAF4311B9F0D050072C663 /* Debug */ = {
			isa = XCBuildConfiguration;
			buildSettings = {
				BUNDLE_LOADER = "$(TEST_HOST)";
				FRAMEWORK_SEARCH_PATHS = (
					"$(SDKROOT)/Developer/Library/Frameworks",
					"$(inherited)",
				);
				GCC_PREPROCESSOR_DEFINITIONS = (
					"DEBUG=1",
					"$(inherited)",
				);
				INFOPLIST_FILE = JabberClientChatTests/Info.plist;
				LD_RUNPATH_SEARCH_PATHS = "$(inherited) @executable_path/Frameworks @loader_path/Frameworks";
				PRODUCT_NAME = "$(TARGET_NAME)";
				TEST_HOST = "$(BUILT_PRODUCTS_DIR)/JabberClientChat.app/JabberClientChat";
			};
			name = Debug;
		};
		A2AAF4321B9F0D050072C663 /* Release */ = {
			isa = XCBuildConfiguration;
			buildSettings = {
				BUNDLE_LOADER = "$(TEST_HOST)";
				FRAMEWORK_SEARCH_PATHS = (
					"$(SDKROOT)/Developer/Library/Frameworks",
					"$(inherited)",
				);
				INFOPLIST_FILE = JabberClientChatTests/Info.plist;
				LD_RUNPATH_SEARCH_PATHS = "$(inherited) @executable_path/Frameworks @loader_path/Frameworks";
				PRODUCT_NAME = "$(TARGET_NAME)";
				TEST_HOST = "$(BUILT_PRODUCTS_DIR)/JabberClientChat.app/JabberClientChat";
			};
			name = Release;
		};
/* End XCBuildConfiguration section */

/* Begin XCConfigurationList section */
		A2AAF4051B9F0D050072C663 /* Build configuration list for PBXProject "JabberClientChat" */ = {
			isa = XCConfigurationList;
			buildConfigurations = (
				A2AAF42B1B9F0D050072C663 /* Debug */,
				A2AAF42C1B9F0D050072C663 /* Release */,
			);
			defaultConfigurationIsVisible = 0;
			defaultConfigurationName = Release;
		};
		A2AAF42D1B9F0D050072C663 /* Build configuration list for PBXNativeTarget "JabberClientChat" */ = {
			isa = XCConfigurationList;
			buildConfigurations = (
				A2AAF42E1B9F0D050072C663 /* Debug */,
				A2AAF42F1B9F0D050072C663 /* Release */,
			);
			defaultConfigurationIsVisible = 0;
		};
		A2AAF4301B9F0D050072C663 /* Build configuration list for PBXNativeTarget "JabberClientChatTests" */ = {
			isa = XCConfigurationList;
			buildConfigurations = (
				A2AAF4311B9F0D050072C663 /* Debug */,
				A2AAF4321B9F0D050072C663 /* Release */,
			);
			defaultConfigurationIsVisible = 0;
		};
/* End XCConfigurationList section */
	};
	rootObject = A2AAF4021B9F0D050072C663 /* Project object */;
}
